
Microsoft Visual Studio Solution File, Format Version 11.00
# Visual Studio 2010
Project("{8BC9CEB8-8B4A-11D0-8D11-00A0C91BC942}") = "ZFramework3D", "ZFramework3D\ZFramework3D.vcxproj", "{25B8050F-F431-45DE-B14E-BC81E2E613D3}"
EndProject
Global
	GlobalSection(SolutionConfigurationPlatforms) = preSolution
		Debug|Win32 = Debug|Win32
		Release|Win32 = Release|Win32
	EndGlobalSection
	GlobalSection(ProjectConfigurationPlatforms) = postSolution
		{25B8050F-F431-45DE-B14E-BC81E2E613D3}.Debug|Win32.ActiveCfg = Debug|Win32
		{25B8050F-F431-45DE-B14E-BC81E2E613D3}.Debug|Win32.Build.0 = Debug|Win32
		{25B8050F-F431-45DE-B14E-BC81E2E613D3}.Release|Win32.ActiveCfg = Release|Win32
		{25B8050F-F431-45DE-B14E-BC81E2E613D3}.Release|Win32.Build.0 = Release|Win32
	EndGlobalSection
	GlobalSection(SolutionProperties) = preSolution
		HideSolutionNode = FALSE
	EndGlobalSection
EndGlobal
